{
  "name": "ssapp-template",
  "version": "1.0.0",
  "lockfileVersion": 1,
  "requires": true,
  "dependencies": {
    "octopus": {
      "version": "git+https://github.com/PrivateSky/octopus.git#502e815ac57e358106cdbd2dc251b52ecfdf3a7d",
      "from": "git+https://github.com/PrivateSky/octopus.git"
    }
  }
}
